
Microsoft Visual Studio Solution File, Format Version 12.00
# Visual Studio Version 17
VisualStudioVersion = 17.3.32922.545
MinimumVisualStudioVersion = 10.0.40219.1
Project("{FAE04EC0-301F-11D3-BF4B-00C04F79EFBC}") = "TestTC", "TestTC.csproj", "{1EAD6442-C161-4EB1-AD5F-C10B7AFED44C}"
EndProject
Project("{9A19103F-16F7-4668-BE54-9A1E7A4F7556}") = "SpecFlowTC.Specs", "..\SpecFlowTC\SpecFlowTC.Specs.csproj", "{3F72CBEE-D50A-4FDC-8EBB-3FEF01B71C3C}"
EndProject
Global
	GlobalSection(SolutionConfigurationPlatforms) = preSolution
		Debug|Any CPU = Debug|Any CPU
		Release|Any CPU = Release|Any CPU
	EndGlobalSection
	GlobalSection(ProjectConfigurationPlatforms) = postSolution
		{1EAD6442-C161-4EB1-AD5F-C10B7AFED44C}.Debug|Any CPU.ActiveCfg = Debug|Any CPU
		{1EAD6442-C161-4EB1-AD5F-C10B7AFED44C}.Debug|Any CPU.Build.0 = Debug|Any CPU
		{1EAD6442-C161-4EB1-AD5F-C10B7AFED44C}.Release|Any CPU.ActiveCfg = Release|Any CPU
		{1EAD6442-C161-4EB1-AD5F-C10B7AFED44C}.Release|Any CPU.Build.0 = Release|Any CPU
		{3F72CBEE-D50A-4FDC-8EBB-3FEF01B71C3C}.Debug|Any CPU.ActiveCfg = Debug|Any CPU
		{3F72CBEE-D50A-4FDC-8EBB-3FEF01B71C3C}.Debug|Any CPU.Build.0 = Debug|Any CPU
		{3F72CBEE-D50A-4FDC-8EBB-3FEF01B71C3C}.Release|Any CPU.ActiveCfg = Release|Any CPU
		{3F72CBEE-D50A-4FDC-8EBB-3FEF01B71C3C}.Release|Any CPU.Build.0 = Release|Any CPU
	EndGlobalSection
	GlobalSection(SolutionProperties) = preSolution
		HideSolutionNode = FALSE
	EndGlobalSection
	GlobalSection(ExtensibilityGlobals) = postSolution
		SolutionGuid = {5927B8CA-0C8D-486C-98EA-9706880C759B}
	EndGlobalSection
EndGlobal
